PODS:
  - hpple (0.2.0)
  - WKZombie (1.2.0):
    - hpple (= 0.2.0)

DEPENDENCIES:
  - WKZombie (from `../`)

SPEC REPOS:
  trunk:
    - hpple

EXTERNAL SOURCES:
  WKZombie:
    :path: "../"

SPEC CHECKSUMS:
  hpple: 3b765f96fc2cd56ad1a49aef6f7be5cb2aa64b57
  WKZombie: 152169e34103dc87bae90286803fd16514b10461

PODFILE CHECKSUM: 65ac1ef6fcddc79818d1afd16755b08b1db86ae0

COCOAPODS: 1.9.1
